
Microsoft Visual Studio Solution File, Format Version 12.00
# Visual Studio Version 17
VisualStudioVersion = 17.13.35919.96
MinimumVisualStudioVersion = 10.0.40219.1
Project("{FAE04EC0-301F-11D3-BF4B-00C04F79EFBC}") = "polynomial", "polynomial.csproj", "{D96BA451-9627-4316-8759-77E13B78FA6A}"
EndProject
Project("{FAE04EC0-301F-11D3-BF4B-00C04F79EFBC}") = "PolinomialUnitTest", "..\PolinomialUnitTest\PolinomialUnitTest.csproj", "{645E14A7-D353-4D45-B18E-91F6C62A9978}"
EndProject
Global
	GlobalSection(SolutionConfigurationPlatforms) = preSolution
		Debug|Any CPU = Debug|Any CPU
		Release|Any CPU = Release|Any CPU
	EndGlobalSection
	GlobalSection(ProjectConfigurationPlatforms) = postSolution
		{D96BA451-9627-4316-8759-77E13B78FA6A}.Debug|Any CPU.ActiveCfg = Debug|Any CPU
		{D96BA451-9627-4316-8759-77E13B78FA6A}.Debug|Any CPU.Build.0 = Debug|Any CPU
		{D96BA451-9627-4316-8759-77E13B78FA6A}.Release|Any CPU.ActiveCfg = Release|Any CPU
		{D96BA451-9627-4316-8759-77E13B78FA6A}.Release|Any CPU.Build.0 = Release|Any CPU
		{645E14A7-D353-4D45-B18E-91F6C62A9978}.Debug|Any CPU.ActiveCfg = Debug|Any CPU
		{645E14A7-D353-4D45-B18E-91F6C62A9978}.Debug|Any CPU.Build.0 = Debug|Any CPU
		{645E14A7-D353-4D45-B18E-91F6C62A9978}.Release|Any CPU.ActiveCfg = Release|Any CPU
		{645E14A7-D353-4D45-B18E-91F6C62A9978}.Release|Any CPU.Build.0 = Release|Any CPU
	EndGlobalSection
	GlobalSection(SolutionProperties) = preSolution
		HideSolutionNode = FALSE
	EndGlobalSection
	GlobalSection(ExtensibilityGlobals) = postSolution
		SolutionGuid = {1990F86E-F6F4-4E7D-A9D9-2EAB836F2DDE}
	EndGlobalSection
EndGlobal
